
Microsoft Visual Studio Solution File, Format Version 12.00
# Visual Studio Version 17
VisualStudioVersion = 17.4.33103.184
MinimumVisualStudioVersion = 10.0.40219.1
Project("{FAE04EC0-301F-11D3-BF4B-00C04F79EFBC}") = "ST7789V3", "src\ST7789V3\ST7789V3\ST7789V3\ST7789V3.csproj", "{BE58D3A8-5C0C-40FF-96B3-E71965853681}"
EndProject
Project("{FAE04EC0-301F-11D3-BF4B-00C04F79EFBC}") = "Verdure.Iot.Device", "src\Verdure.Iot.Device\Verdure.Iot.Device.csproj", "{4BA24AE3-6EB1-4362-88BD-913D1CD52E67}"
EndProject
Project("{2150E333-8FDC-42A3-9474-1A3956D46DE8}") = "Samples", "Samples", "{A5139A99-41C9-4808-A175-7D83D860F646}"
EndProject
Project("{FAE04EC0-301F-11D3-BF4B-00C04F79EFBC}") = "ST7789V3.Samples", "src\Samples\ST7789V3.Samples\ST7789V3.Samples.csproj", "{AA525767-88C8-4B88-87BF-FFCC630A5E28}"
EndProject
Project("{FAE04EC0-301F-11D3-BF4B-00C04F79EFBC}") = "Pca9685.Sample", "src\Samples\Pca9685.Sample\Pca9685.Sample.csproj", "{27402086-D193-446B-93E5-B08F8E49C14B}"
EndProject
Project("{FAE04EC0-301F-11D3-BF4B-00C04F79EFBC}") = "Iot.Lcd", "src\Samples\Iot.Lcd\Iot.Lcd.csproj", "{4FB50687-FAA0-42D3-A2AC-38EF1D611BC4}"
EndProject
Project("{FAE04EC0-301F-11D3-BF4B-00C04F79EFBC}") = "ServoF030Sample", "src\Samples\ServoF030Sample\ServoF030Sample.csproj", "{C6EA9825-DEE5-4305-8D87-D40357F7BBD8}"
EndProject
Project("{FAE04EC0-301F-11D3-BF4B-00C04F79EFBC}") = "ServoF030Reset", "src\Samples\ServoF030Reset\ServoF030Reset.csproj", "{BB7B3802-8D08-411D-950A-1E61611581B5}"
EndProject
Project("{FAE04EC0-301F-11D3-BF4B-00C04F79EFBC}") = "Verdure.LottieToImage", "src\Samples\LottieToImage\Verdure.LottieToImage.csproj", "{A0274131-1830-444E-98BE-85D9D6B4C811}"
EndProject
Project("{FAE04EC0-301F-11D3-BF4B-00C04F79EFBC}") = "DualDisplayExample", "src\Samples\DualDisplayExample\DualDisplayExample.csproj", "{8EFC1C7B-40CC-4F82-859B-25F217701CD6}"
EndProject
Project("{FAE04EC0-301F-11D3-BF4B-00C04F79EFBC}") = "DualDisplayLottieExample", "src\Samples\DualDisplayLottieExample\DualDisplayLottieExample.csproj", "{2C9ECD00-FC72-4ACC-A47A-A33DD4778351}"
EndProject
Project("{FAE04EC0-301F-11D3-BF4B-00C04F79EFBC}") = "MultiServoController", "src\Samples\MultiServoController\MultiServoController.csproj", "{8346F370-1E9E-21D4-9D9C-DE6D4280C5F7}"
EndProject
Project("{FAE04EC0-301F-11D3-BF4B-00C04F79EFBC}") = "LandscapeDisplayTest", "src\Samples\LandscapeDisplayTest\LandscapeDisplayTest.csproj", "{5C085581-0054-CE21-85F9-CCC718027357}"
EndProject
Project("{FAE04EC0-301F-11D3-BF4B-00C04F79EFBC}") = "VerdureEmojisAndAction", "src\Samples\VerdureEmojisAndAction\VerdureEmojisAndAction.csproj", "{26A6CEA8-AF4C-43BE-9FDB-8AE5B2101788}"
EndProject
Project("{FAE04EC0-301F-11D3-BF4B-00C04F79EFBC}") = "RGBLed.Api", "src\Samples\RGBLed.Api\RGBLed.Api.csproj", "{EAC1CEE4-3211-4439-8B0E-E92AC8F34624}"
EndProject
Project("{FAE04EC0-301F-11D3-BF4B-00C04F79EFBC}") = "Fswebcam.Api", "src\Samples\Fswebcam.Api\Fswebcam.Api.csproj", "{B12C0C98-23AA-40F5-B9E7-9575D1623445}"
EndProject
Global
	GlobalSection(SolutionConfigurationPlatforms) = preSolution
		Debug|Any CPU = Debug|Any CPU
		Release|Any CPU = Release|Any CPU
	EndGlobalSection
	GlobalSection(ProjectConfigurationPlatforms) = postSolution
		{BE58D3A8-5C0C-40FF-96B3-E71965853681}.Debug|Any CPU.ActiveCfg = Debug|Any CPU
		{BE58D3A8-5C0C-40FF-96B3-E71965853681}.Debug|Any CPU.Build.0 = Debug|Any CPU
		{BE58D3A8-5C0C-40FF-96B3-E71965853681}.Release|Any CPU.ActiveCfg = Release|Any CPU
		{BE58D3A8-5C0C-40FF-96B3-E71965853681}.Release|Any CPU.Build.0 = Release|Any CPU
		{4BA24AE3-6EB1-4362-88BD-913D1CD52E67}.Debug|Any CPU.ActiveCfg = Debug|Any CPU
		{4BA24AE3-6EB1-4362-88BD-913D1CD52E67}.Debug|Any CPU.Build.0 = Debug|Any CPU
		{4BA24AE3-6EB1-4362-88BD-913D1CD52E67}.Release|Any CPU.ActiveCfg = Release|Any CPU
		{4BA24AE3-6EB1-4362-88BD-913D1CD52E67}.Release|Any CPU.Build.0 = Release|Any CPU
		{AA525767-88C8-4B88-87BF-FFCC630A5E28}.Debug|Any CPU.ActiveCfg = Debug|Any CPU
		{AA525767-88C8-4B88-87BF-FFCC630A5E28}.Debug|Any CPU.Build.0 = Debug|Any CPU
		{AA525767-88C8-4B88-87BF-FFCC630A5E28}.Release|Any CPU.ActiveCfg = Release|Any CPU
		{AA525767-88C8-4B88-87BF-FFCC630A5E28}.Release|Any CPU.Build.0 = Release|Any CPU
		{27402086-D193-446B-93E5-B08F8E49C14B}.Debug|Any CPU.ActiveCfg = Debug|Any CPU
		{27402086-D193-446B-93E5-B08F8E49C14B}.Debug|Any CPU.Build.0 = Debug|Any CPU
		{27402086-D193-446B-93E5-B08F8E49C14B}.Release|Any CPU.ActiveCfg = Release|Any CPU
		{27402086-D193-446B-93E5-B08F8E49C14B}.Release|Any CPU.Build.0 = Release|Any CPU
		{4FB50687-FAA0-42D3-A2AC-38EF1D611BC4}.Debug|Any CPU.ActiveCfg = Debug|Any CPU
		{4FB50687-FAA0-42D3-A2AC-38EF1D611BC4}.Debug|Any CPU.Build.0 = Debug|Any CPU
		{4FB50687-FAA0-42D3-A2AC-38EF1D611BC4}.Release|Any CPU.ActiveCfg = Release|Any CPU
		{4FB50687-FAA0-42D3-A2AC-38EF1D611BC4}.Release|Any CPU.Build.0 = Release|Any CPU
		{C6EA9825-DEE5-4305-8D87-D40357F7BBD8}.Debug|Any CPU.ActiveCfg = Debug|Any CPU
		{C6EA9825-DEE5-4305-8D87-D40357F7BBD8}.Debug|Any CPU.Build.0 = Debug|Any CPU
		{C6EA9825-DEE5-4305-8D87-D40357F7BBD8}.Release|Any CPU.ActiveCfg = Release|Any CPU
		{C6EA9825-DEE5-4305-8D87-D40357F7BBD8}.Release|Any CPU.Build.0 = Release|Any CPU
		{BB7B3802-8D08-411D-950A-1E61611581B5}.Debug|Any CPU.ActiveCfg = Debug|Any CPU
		{BB7B3802-8D08-411D-950A-1E61611581B5}.Debug|Any CPU.Build.0 = Debug|Any CPU
		{BB7B3802-8D08-411D-950A-1E61611581B5}.Release|Any CPU.ActiveCfg = Release|Any CPU
		{BB7B3802-8D08-411D-950A-1E61611581B5}.Release|Any CPU.Build.0 = Release|Any CPU
		{A0274131-1830-444E-98BE-85D9D6B4C811}.Debug|Any CPU.ActiveCfg = Debug|Any CPU
		{A0274131-1830-444E-98BE-85D9D6B4C811}.Debug|Any CPU.Build.0 = Debug|Any CPU
		{A0274131-1830-444E-98BE-85D9D6B4C811}.Release|Any CPU.ActiveCfg = Release|Any CPU
		{A0274131-1830-444E-98BE-85D9D6B4C811}.Release|Any CPU.Build.0 = Release|Any CPU
		{8EFC1C7B-40CC-4F82-859B-25F217701CD6}.Debug|Any CPU.ActiveCfg = Debug|Any CPU
		{8EFC1C7B-40CC-4F82-859B-25F217701CD6}.Debug|Any CPU.Build.0 = Debug|Any CPU
		{8EFC1C7B-40CC-4F82-859B-25F217701CD6}.Release|Any CPU.ActiveCfg = Release|Any CPU
		{8EFC1C7B-40CC-4F82-859B-25F217701CD6}.Release|Any CPU.Build.0 = Release|Any CPU
		{2C9ECD00-FC72-4ACC-A47A-A33DD4778351}.Debug|Any CPU.ActiveCfg = Debug|Any CPU
		{2C9ECD00-FC72-4ACC-A47A-A33DD4778351}.Debug|Any CPU.Build.0 = Debug|Any CPU
		{2C9ECD00-FC72-4ACC-A47A-A33DD4778351}.Release|Any CPU.ActiveCfg = Release|Any CPU
		{2C9ECD00-FC72-4ACC-A47A-A33DD4778351}.Release|Any CPU.Build.0 = Release|Any CPU
		{8346F370-1E9E-21D4-9D9C-DE6D4280C5F7}.Debug|Any CPU.ActiveCfg = Debug|Any CPU
		{8346F370-1E9E-21D4-9D9C-DE6D4280C5F7}.Debug|Any CPU.Build.0 = Debug|Any CPU
		{8346F370-1E9E-21D4-9D9C-DE6D4280C5F7}.Release|Any CPU.ActiveCfg = Release|Any CPU
		{8346F370-1E9E-21D4-9D9C-DE6D4280C5F7}.Release|Any CPU.Build.0 = Release|Any CPU
		{5C085581-0054-CE21-85F9-CCC718027357}.Debug|Any CPU.ActiveCfg = Debug|Any CPU
		{5C085581-0054-CE21-85F9-CCC718027357}.Debug|Any CPU.Build.0 = Debug|Any CPU
		{5C085581-0054-CE21-85F9-CCC718027357}.Release|Any CPU.ActiveCfg = Release|Any CPU
		{5C085581-0054-CE21-85F9-CCC718027357}.Release|Any CPU.Build.0 = Release|Any CPU
		{26A6CEA8-AF4C-43BE-9FDB-8AE5B2101788}.Debug|Any CPU.ActiveCfg = Debug|Any CPU
		{26A6CEA8-AF4C-43BE-9FDB-8AE5B2101788}.Debug|Any CPU.Build.0 = Debug|Any CPU
		{26A6CEA8-AF4C-43BE-9FDB-8AE5B2101788}.Release|Any CPU.ActiveCfg = Release|Any CPU
		{26A6CEA8-AF4C-43BE-9FDB-8AE5B2101788}.Release|Any CPU.Build.0 = Release|Any CPU
		{EAC1CEE4-3211-4439-8B0E-E92AC8F34624}.Debug|Any CPU.ActiveCfg = Debug|Any CPU
		{EAC1CEE4-3211-4439-8B0E-E92AC8F34624}.Debug|Any CPU.Build.0 = Debug|Any CPU
		{EAC1CEE4-3211-4439-8B0E-E92AC8F34624}.Release|Any CPU.ActiveCfg = Release|Any CPU
		{EAC1CEE4-3211-4439-8B0E-E92AC8F34624}.Release|Any CPU.Build.0 = Release|Any CPU
		{B12C0C98-23AA-40F5-B9E7-9575D1623445}.Debug|Any CPU.ActiveCfg = Debug|Any CPU
		{B12C0C98-23AA-40F5-B9E7-9575D1623445}.Debug|Any CPU.Build.0 = Debug|Any CPU
		{B12C0C98-23AA-40F5-B9E7-9575D1623445}.Release|Any CPU.ActiveCfg = Release|Any CPU
		{B12C0C98-23AA-40F5-B9E7-9575D1623445}.Release|Any CPU.Build.0 = Release|Any CPU
	EndGlobalSection
	GlobalSection(SolutionProperties) = preSolution
		HideSolutionNode = FALSE
	EndGlobalSection
	GlobalSection(NestedProjects) = preSolution
		{AA525767-88C8-4B88-87BF-FFCC630A5E28} = {A5139A99-41C9-4808-A175-7D83D860F646}
		{27402086-D193-446B-93E5-B08F8E49C14B} = {A5139A99-41C9-4808-A175-7D83D860F646}
		{4FB50687-FAA0-42D3-A2AC-38EF1D611BC4} = {A5139A99-41C9-4808-A175-7D83D860F646}
		{C6EA9825-DEE5-4305-8D87-D40357F7BBD8} = {A5139A99-41C9-4808-A175-7D83D860F646}
		{BB7B3802-8D08-411D-950A-1E61611581B5} = {A5139A99-41C9-4808-A175-7D83D860F646}
		{A0274131-1830-444E-98BE-85D9D6B4C811} = {A5139A99-41C9-4808-A175-7D83D860F646}
		{8EFC1C7B-40CC-4F82-859B-25F217701CD6} = {A5139A99-41C9-4808-A175-7D83D860F646}
		{2C9ECD00-FC72-4ACC-A47A-A33DD4778351} = {A5139A99-41C9-4808-A175-7D83D860F646}
		{5C085581-0054-CE21-85F9-CCC718027357} = {A5139A99-41C9-4808-A175-7D83D860F646}
		{26A6CEA8-AF4C-43BE-9FDB-8AE5B2101788} = {A5139A99-41C9-4808-A175-7D83D860F646}
		{EAC1CEE4-3211-4439-8B0E-E92AC8F34624} = {A5139A99-41C9-4808-A175-7D83D860F646}
		{B12C0C98-23AA-40F5-B9E7-9575D1623445} = {A5139A99-41C9-4808-A175-7D83D860F646}
	EndGlobalSection
	GlobalSection(ExtensibilityGlobals) = postSolution
		SolutionGuid = {5B15746B-2C90-40D5-A8AE-AE81B6B7766F}
	EndGlobalSection
EndGlobal
