
Microsoft Visual Studio Solution File, Format Version 12.00
# Visual Studio Version 17
VisualStudioVersion = 17.5.33103.201
MinimumVisualStudioVersion = 10.0.40219.1
Project("{FAE04EC0-301F-11D3-BF4B-00C04F79EFBC}") = "Pca9685.Sample", "Pca9685.Sample\Pca9685.Sample.csproj", "{31FC48D0-A225-4ADC-804F-0FB760334E5E}"
EndProject
Global
	GlobalSection(SolutionConfigurationPlatforms) = preSolution
		Debug|Any CPU = Debug|Any CPU
		Release|Any CPU = Release|Any CPU
	EndGlobalSection
	GlobalSection(ProjectConfigurationPlatforms) = postSolution
		{31FC48D0-A225-4ADC-804F-0FB760334E5E}.Debug|Any CPU.ActiveCfg = Debug|Any CPU
		{31FC48D0-A225-4ADC-804F-0FB760334E5E}.Debug|Any CPU.Build.0 = Debug|Any CPU
		{31FC48D0-A225-4ADC-804F-0FB760334E5E}.Release|Any CPU.ActiveCfg = Release|Any CPU
		{31FC48D0-A225-4ADC-804F-0FB760334E5E}.Release|Any CPU.Build.0 = Release|Any CPU
	EndGlobalSection
	GlobalSection(SolutionProperties) = preSolution
		HideSolutionNode = FALSE
	EndGlobalSection
	GlobalSection(ExtensibilityGlobals) = postSolution
		SolutionGuid = {E6F77915-44A2-4904-82F3-49DCA3D86491}
	EndGlobalSection
EndGlobal
