
Microsoft Visual Studio Solution File, Format Version 12.00
# Visual Studio Version 17
VisualStudioVersion = 17.3.32929.385
MinimumVisualStudioVersion = 10.0.40219.1
Project("{FAE04EC0-301F-11D3-BF4B-00C04F79EFBC}") = "ST7789V3", "ST7789V3.csproj", "{F264378D-424E-4FD9-8F09-C8CAE3217245}"
EndProject
Global
	GlobalSection(SolutionConfigurationPlatforms) = preSolution
		Debug|Any CPU = Debug|Any CPU
		Release|Any CPU = Release|Any CPU
	EndGlobalSection
	GlobalSection(ProjectConfigurationPlatforms) = postSolution
		{F264378D-424E-4FD9-8F09-C8CAE3217245}.Debug|Any CPU.ActiveCfg = Debug|Any CPU
		{F264378D-424E-4FD9-8F09-C8CAE3217245}.Debug|Any CPU.Build.0 = Debug|Any CPU
		{F264378D-424E-4FD9-8F09-C8CAE3217245}.Release|Any CPU.ActiveCfg = Release|Any CPU
		{F264378D-424E-4FD9-8F09-C8CAE3217245}.Release|Any CPU.Build.0 = Release|Any CPU
	EndGlobalSection
	GlobalSection(SolutionProperties) = preSolution
		HideSolutionNode = FALSE
	EndGlobalSection
	GlobalSection(ExtensibilityGlobals) = postSolution
		SolutionGuid = {7B34B2C9-70A1-4B60-A810-78FD559CCC12}
	EndGlobalSection
EndGlobal
