
Microsoft Visual Studio Solution File, Format Version 12.00
# Visual Studio Version 17
VisualStudioVersion = 17.12.35506.116 d17.12
MinimumVisualStudioVersion = 10.0.40219.1
Project("{FAE04EC0-301F-11D3-BF4B-00C04F79EFBC}") = "Iot.Lcd", "Iot.Lcd\Iot.Lcd.csproj", "{45636F1C-2B10-4CAC-A4E5-CCB405F5EA97}"
EndProject
Global
	GlobalSection(SolutionConfigurationPlatforms) = preSolution
		Debug|Any CPU = Debug|Any CPU
		Release|Any CPU = Release|Any CPU
	EndGlobalSection
	GlobalSection(ProjectConfigurationPlatforms) = postSolution
		{45636F1C-2B10-4CAC-A4E5-CCB405F5EA97}.Debug|Any CPU.ActiveCfg = Debug|Any CPU
		{45636F1C-2B10-4CAC-A4E5-CCB405F5EA97}.Debug|Any CPU.Build.0 = Debug|Any CPU
		{45636F1C-2B10-4CAC-A4E5-CCB405F5EA97}.Release|Any CPU.ActiveCfg = Release|Any CPU
		{45636F1C-2B10-4CAC-A4E5-CCB405F5EA97}.Release|Any CPU.Build.0 = Release|Any CPU
	EndGlobalSection
	GlobalSection(SolutionProperties) = preSolution
		HideSolutionNode = FALSE
	EndGlobalSection
EndGlobal
